
Microsoft Visual Studio Solution File, Format Version 12.00
# Visual Studio Version 17
VisualStudioVersion = 17.10.35201.131
MinimumVisualStudioVersion = 10.0.40219.1
Project("{9A19103F-16F7-4668-BE54-9A1E7A4F7556}") = "ElevatorChallenge.Models", "ElevatorChallenge.Models\ElevatorChallenge.Models.csproj", "{93651184-C7ED-4799-BFB5-893B2E669AA0}"
EndProject
Project("{9A19103F-16F7-4668-BE54-9A1E7A4F7556}") = "ElevatorChallenge.DTOs", "ElevatorChallenge.DTOs\ElevatorChallenge.DTOs.csproj", "{E7E1CB79-4DDD-4429-A465-D5B962317756}"
EndProject
Project("{9A19103F-16F7-4668-BE54-9A1E7A4F7556}") = "ElevatorChallenge.Events", "ElevatorChallenge.Events\ElevatorChallenge.Events.csproj", "{D039E82E-B98B-4FEF-A522-539DBC276532}"
EndProject
Project("{9A19103F-16F7-4668-BE54-9A1E7A4F7556}") = "EventChallenge.Services", "EventChallenge.Services\EventChallenge.Services.csproj", "{40470919-616C-4058-96D2-4A9EB6F22C77}"
EndProject
Project("{9A19103F-16F7-4668-BE54-9A1E7A4F7556}") = "ElevatorChallenge.Util", "ElevatorChallenge.Util\ElevatorChallenge.Util.csproj", "{E88F693E-242C-465D-A639-93035DE60461}"
EndProject
Project("{9A19103F-16F7-4668-BE54-9A1E7A4F7556}") = "ElevatorChallenge", "ElevatorChallenge\ElevatorChallenge.csproj", "{94627163-9AFC-47DB-900D-8F5F9C0BED18}"
EndProject
Project("{FAE04EC0-301F-11D3-BF4B-00C04F79EFBC}") = "ElevatorChallenge.UnitTests", "ElevatorChallenge.UnitTests\ElevatorChallenge.UnitTests.csproj", "{FEF2E628-00B6-4540-A0D6-1E742FCA65F4}"
EndProject
Global
	GlobalSection(SolutionConfigurationPlatforms) = preSolution
		Debug|Any CPU = Debug|Any CPU
		Release|Any CPU = Release|Any CPU
	EndGlobalSection
	GlobalSection(ProjectConfigurationPlatforms) = postSolution
		{93651184-C7ED-4799-BFB5-893B2E669AA0}.Debug|Any CPU.ActiveCfg = Debug|Any CPU
		{93651184-C7ED-4799-BFB5-893B2E669AA0}.Debug|Any CPU.Build.0 = Debug|Any CPU
		{93651184-C7ED-4799-BFB5-893B2E669AA0}.Release|Any CPU.ActiveCfg = Release|Any CPU
		{93651184-C7ED-4799-BFB5-893B2E669AA0}.Release|Any CPU.Build.0 = Release|Any CPU
		{E7E1CB79-4DDD-4429-A465-D5B962317756}.Debug|Any CPU.ActiveCfg = Debug|Any CPU
		{E7E1CB79-4DDD-4429-A465-D5B962317756}.Debug|Any CPU.Build.0 = Debug|Any CPU
		{E7E1CB79-4DDD-4429-A465-D5B962317756}.Release|Any CPU.ActiveCfg = Release|Any CPU
		{E7E1CB79-4DDD-4429-A465-D5B962317756}.Release|Any CPU.Build.0 = Release|Any CPU
		{D039E82E-B98B-4FEF-A522-539DBC276532}.Debug|Any CPU.ActiveCfg = Debug|Any CPU
		{D039E82E-B98B-4FEF-A522-539DBC276532}.Debug|Any CPU.Build.0 = Debug|Any CPU
		{D039E82E-B98B-4FEF-A522-539DBC276532}.Release|Any CPU.ActiveCfg = Release|Any CPU
		{D039E82E-B98B-4FEF-A522-539DBC276532}.Release|Any CPU.Build.0 = Release|Any CPU
		{40470919-616C-4058-96D2-4A9EB6F22C77}.Debug|Any CPU.ActiveCfg = Debug|Any CPU
		{40470919-616C-4058-96D2-4A9EB6F22C77}.Debug|Any CPU.Build.0 = Debug|Any CPU
		{40470919-616C-4058-96D2-4A9EB6F22C77}.Release|Any CPU.ActiveCfg = Release|Any CPU
		{40470919-616C-4058-96D2-4A9EB6F22C77}.Release|Any CPU.Build.0 = Release|Any CPU
		{E88F693E-242C-465D-A639-93035DE60461}.Debug|Any CPU.ActiveCfg = Debug|Any CPU
		{E88F693E-242C-465D-A639-93035DE60461}.Debug|Any CPU.Build.0 = Debug|Any CPU
		{E88F693E-242C-465D-A639-93035DE60461}.Release|Any CPU.ActiveCfg = Release|Any CPU
		{E88F693E-242C-465D-A639-93035DE60461}.Release|Any CPU.Build.0 = Release|Any CPU
		{94627163-9AFC-47DB-900D-8F5F9C0BED18}.Debug|Any CPU.ActiveCfg = Debug|Any CPU
		{94627163-9AFC-47DB-900D-8F5F9C0BED18}.Debug|Any CPU.Build.0 = Debug|Any CPU
		{94627163-9AFC-47DB-900D-8F5F9C0BED18}.Release|Any CPU.ActiveCfg = Release|Any CPU
		{94627163-9AFC-47DB-900D-8F5F9C0BED18}.Release|Any CPU.Build.0 = Release|Any CPU
		{FEF2E628-00B6-4540-A0D6-1E742FCA65F4}.Debug|Any CPU.ActiveCfg = Debug|Any CPU
		{FEF2E628-00B6-4540-A0D6-1E742FCA65F4}.Debug|Any CPU.Build.0 = Debug|Any CPU
		{FEF2E628-00B6-4540-A0D6-1E742FCA65F4}.Release|Any CPU.ActiveCfg = Release|Any CPU
		{FEF2E628-00B6-4540-A0D6-1E742FCA65F4}.Release|Any CPU.Build.0 = Release|Any CPU
	EndGlobalSection
	GlobalSection(SolutionProperties) = preSolution
		HideSolutionNode = FALSE
	EndGlobalSection
	GlobalSection(ExtensibilityGlobals) = postSolution
		SolutionGuid = {6873E057-C9FB-4C00-B4D4-077F8A6F81CD}
	EndGlobalSection
EndGlobal
